
Microsoft Visual Studio Solution File, Format Version 12.00
# Visual Studio Version 17
VisualStudioVersion = 17.5.33414.496
MinimumVisualStudioVersion = 10.0.40219.1
Project("{2150E333-8FDC-42A3-9474-1A3956D46DE8}") = "src", "src", "{F560E3B3-CB20-4466-8FE7-8CC963ECCA80}"
EndProject
Project("{9A19103F-16F7-4668-BE54-9A1E7A4F7556}") = "OasisSongbook.Business", "src\OasisSongbook.Business\OasisSongbook.Business.csproj", "{D718B9FE-70AF-4784-8330-D49EF894053A}"
EndProject
Project("{9A19103F-16F7-4668-BE54-9A1E7A4F7556}") = "OasisSongbook.WebApi", "src\OasisSongbook.WebApi\OasisSongbook.WebApi.csproj", "{7A480A21-B35C-49BD-AC7A-D0756DDF29C2}"
EndProject
Project("{2150E333-8FDC-42A3-9474-1A3956D46DE8}") = "tests", "tests", "{CE4FE627-1494-4FB8-8089-FA62F382B3EF}"
EndProject
Project("{2150E333-8FDC-42A3-9474-1A3956D46DE8}") = "tools", "tools", "{5AC0BC9A-7C72-4397-B354-4CD65B33CE1B}"
EndProject
Project("{9A19103F-16F7-4668-BE54-9A1E7A4F7556}") = "OasisSongbook.Seeder", "tools\OasisSongbook.Seeder\OasisSongbook.Seeder.csproj", "{1CB094A7-8897-420E-B190-AD491FE408B1}"
EndProject
Project("{FAE04EC0-301F-11D3-BF4B-00C04F79EFBC}") = "OasisSongbook.Domain", "src\OasisSongbook.Domain\OasisSongbook.Domain.csproj", "{33559F6B-83D8-4703-AF79-ADD4BC3E9DB3}"
EndProject
Project("{9A19103F-16F7-4668-BE54-9A1E7A4F7556}") = "OasisSongbook.Tests", "tests\OasisSongbook.Tests\OasisSongbook.Tests.csproj", "{A7FB0E03-8036-43EF-8F07-258E384EEB94}"
EndProject
Global
	GlobalSection(SolutionConfigurationPlatforms) = preSolution
		Debug|Any CPU = Debug|Any CPU
		Release|Any CPU = Release|Any CPU
	EndGlobalSection
	GlobalSection(ProjectConfigurationPlatforms) = postSolution
		{D718B9FE-70AF-4784-8330-D49EF894053A}.Debug|Any CPU.ActiveCfg = Debug|Any CPU
		{D718B9FE-70AF-4784-8330-D49EF894053A}.Debug|Any CPU.Build.0 = Debug|Any CPU
		{D718B9FE-70AF-4784-8330-D49EF894053A}.Release|Any CPU.ActiveCfg = Release|Any CPU
		{D718B9FE-70AF-4784-8330-D49EF894053A}.Release|Any CPU.Build.0 = Release|Any CPU
		{7A480A21-B35C-49BD-AC7A-D0756DDF29C2}.Debug|Any CPU.ActiveCfg = Debug|Any CPU
		{7A480A21-B35C-49BD-AC7A-D0756DDF29C2}.Debug|Any CPU.Build.0 = Debug|Any CPU
		{7A480A21-B35C-49BD-AC7A-D0756DDF29C2}.Release|Any CPU.ActiveCfg = Release|Any CPU
		{7A480A21-B35C-49BD-AC7A-D0756DDF29C2}.Release|Any CPU.Build.0 = Release|Any CPU
		{1CB094A7-8897-420E-B190-AD491FE408B1}.Debug|Any CPU.ActiveCfg = Debug|Any CPU
		{1CB094A7-8897-420E-B190-AD491FE408B1}.Debug|Any CPU.Build.0 = Debug|Any CPU
		{1CB094A7-8897-420E-B190-AD491FE408B1}.Release|Any CPU.ActiveCfg = Release|Any CPU
		{1CB094A7-8897-420E-B190-AD491FE408B1}.Release|Any CPU.Build.0 = Release|Any CPU
		{33559F6B-83D8-4703-AF79-ADD4BC3E9DB3}.Debug|Any CPU.ActiveCfg = Debug|Any CPU
		{33559F6B-83D8-4703-AF79-ADD4BC3E9DB3}.Debug|Any CPU.Build.0 = Debug|Any CPU
		{33559F6B-83D8-4703-AF79-ADD4BC3E9DB3}.Release|Any CPU.ActiveCfg = Release|Any CPU
		{33559F6B-83D8-4703-AF79-ADD4BC3E9DB3}.Release|Any CPU.Build.0 = Release|Any CPU
		{A7FB0E03-8036-43EF-8F07-258E384EEB94}.Debug|Any CPU.ActiveCfg = Debug|Any CPU
		{A7FB0E03-8036-43EF-8F07-258E384EEB94}.Debug|Any CPU.Build.0 = Debug|Any CPU
		{A7FB0E03-8036-43EF-8F07-258E384EEB94}.Release|Any CPU.ActiveCfg = Release|Any CPU
		{A7FB0E03-8036-43EF-8F07-258E384EEB94}.Release|Any CPU.Build.0 = Release|Any CPU
	EndGlobalSection
	GlobalSection(SolutionProperties) = preSolution
		HideSolutionNode = FALSE
	EndGlobalSection
	GlobalSection(NestedProjects) = preSolution
		{D718B9FE-70AF-4784-8330-D49EF894053A} = {F560E3B3-CB20-4466-8FE7-8CC963ECCA80}
		{7A480A21-B35C-49BD-AC7A-D0756DDF29C2} = {F560E3B3-CB20-4466-8FE7-8CC963ECCA80}
		{1CB094A7-8897-420E-B190-AD491FE408B1} = {5AC0BC9A-7C72-4397-B354-4CD65B33CE1B}
		{33559F6B-83D8-4703-AF79-ADD4BC3E9DB3} = {F560E3B3-CB20-4466-8FE7-8CC963ECCA80}
		{A7FB0E03-8036-43EF-8F07-258E384EEB94} = {CE4FE627-1494-4FB8-8089-FA62F382B3EF}
	EndGlobalSection
	GlobalSection(ExtensibilityGlobals) = postSolution
		SolutionGuid = {3E15C1DB-C769-4867-8E73-DAA295C4175A}
	EndGlobalSection
EndGlobal
